
Microsoft Visual Studio Solution File, Format Version 12.00
# Visual Studio Version 16
VisualStudioVersion = 16.0.30611.23
MinimumVisualStudioVersion = 10.0.40219.1
Project("{FAE04EC0-301F-11D3-BF4B-00C04F79EFBC}") = "3 by 3 Perfect", "3 by 3 Perfect.csproj", "{B74D72A9-7CA6-410F-BD96-EB8E70A3E628}"
EndProject
Global
	GlobalSection(SolutionConfigurationPlatforms) = preSolution
		Debug|Any CPU = Debug|Any CPU
		Release|Any CPU = Release|Any CPU
	EndGlobalSection
	GlobalSection(ProjectConfigurationPlatforms) = postSolution
		{B74D72A9-7CA6-410F-BD96-EB8E70A3E628}.Debug|Any CPU.ActiveCfg = Debug|Any CPU
		{B74D72A9-7CA6-410F-BD96-EB8E70A3E628}.Debug|Any CPU.Build.0 = Debug|Any CPU
		{B74D72A9-7CA6-410F-BD96-EB8E70A3E628}.Release|Any CPU.ActiveCfg = Release|Any CPU
		{B74D72A9-7CA6-410F-BD96-EB8E70A3E628}.Release|Any CPU.Build.0 = Release|Any CPU
	EndGlobalSection
	GlobalSection(SolutionProperties) = preSolution
		HideSolutionNode = FALSE
	EndGlobalSection
	GlobalSection(ExtensibilityGlobals) = postSolution
		SolutionGuid = {75B5306D-721A-4400-B785-4343CD5CA67E}
	EndGlobalSection
EndGlobal
